
Microsoft Visual Studio Solution File, Format Version 11.00
# Visual Studio 2010
Project("{FAE04EC0-301F-11D3-BF4B-00C04F79EFBC}") = "LibSVMsharp", "LibSVMsharp\LibSVMsharp.csproj", "{E2B718B3-2D0E-40DD-B4C1-3F15004F56FD}"
EndProject
Project("{FAE04EC0-301F-11D3-BF4B-00C04F79EFBC}") = "LibSVMsharp.Examples.Classification", "LibSVMsharp.Examples.Classification\LibSVMsharp.Examples.Classification.csproj", "{52DA23F3-C551-4930-8DE9-B8074EC29F32}"
EndProject
Global
	GlobalSection(SolutionConfigurationPlatforms) = preSolution
		Debug|x86 = Debug|x86
		Release|x86 = Release|x86
	EndGlobalSection
	GlobalSection(ProjectConfigurationPlatforms) = postSolution
		{E2B718B3-2D0E-40DD-B4C1-3F15004F56FD}.Debug|x86.ActiveCfg = Debug|x86
		{E2B718B3-2D0E-40DD-B4C1-3F15004F56FD}.Debug|x86.Build.0 = Debug|x86
		{E2B718B3-2D0E-40DD-B4C1-3F15004F56FD}.Release|x86.ActiveCfg = Release|x86
		{E2B718B3-2D0E-40DD-B4C1-3F15004F56FD}.Release|x86.Build.0 = Release|x86
		{52DA23F3-C551-4930-8DE9-B8074EC29F32}.Debug|x86.ActiveCfg = Debug|x86
		{52DA23F3-C551-4930-8DE9-B8074EC29F32}.Debug|x86.Build.0 = Debug|x86
		{52DA23F3-C551-4930-8DE9-B8074EC29F32}.Release|x86.ActiveCfg = Release|x86
		{52DA23F3-C551-4930-8DE9-B8074EC29F32}.Release|x86.Build.0 = Release|x86
	EndGlobalSection
	GlobalSection(SolutionProperties) = preSolution
		HideSolutionNode = FALSE
	EndGlobalSection
EndGlobal
